
Microsoft Visual Studio Solution File, Format Version 12.00
Project("{FAE04EC0-301F-11D3-BF4B-00C04F79EFBC}") = "GraphQLHotChocolate", "GraphQLHotChocolate\GraphQLHotChocolate.csproj", "{13BFF546-45CC-4690-AEB4-204EDB835A7B}"
EndProject
Global
	GlobalSection(SolutionConfigurationPlatforms) = preSolution
		Debug|Any CPU = Debug|Any CPU
		Release|Any CPU = Release|Any CPU
	EndGlobalSection
	GlobalSection(ProjectConfigurationPlatforms) = postSolution
		{13BFF546-45CC-4690-AEB4-204EDB835A7B}.Debug|Any CPU.ActiveCfg = Debug|Any CPU
		{13BFF546-45CC-4690-AEB4-204EDB835A7B}.Debug|Any CPU.Build.0 = Debug|Any CPU
		{13BFF546-45CC-4690-AEB4-204EDB835A7B}.Release|Any CPU.ActiveCfg = Release|Any CPU
		{13BFF546-45CC-4690-AEB4-204EDB835A7B}.Release|Any CPU.Build.0 = Release|Any CPU
	EndGlobalSection
EndGlobal
